
Microsoft Visual Studio Solution File, Format Version 12.00
# Visual Studio Version 17
VisualStudioVersion = 17.11.35327.3
MinimumVisualStudioVersion = 10.0.40219.1
Project("{D2ABAB84-BF74-430A-B69E-9DC6D40DDA17}") = "Test_Cube_ssas", "Test_Cube_ssas\Test_Cube_ssas.dwproj", "{763CC694-2B24-4FC3-90EE-ADA6044D6B90}"
EndProject
Global
	GlobalSection(SolutionConfigurationPlatforms) = preSolution
		Development|Default = Development|Default
	EndGlobalSection
	GlobalSection(ProjectConfigurationPlatforms) = postSolution
		{763CC694-2B24-4FC3-90EE-ADA6044D6B90}.Development|Default.ActiveCfg = Development
		{763CC694-2B24-4FC3-90EE-ADA6044D6B90}.Development|Default.Build.0 = Development
		{763CC694-2B24-4FC3-90EE-ADA6044D6B90}.Development|Default.Deploy.0 = Development
	EndGlobalSection
	GlobalSection(SolutionProperties) = preSolution
		HideSolutionNode = FALSE
	EndGlobalSection
	GlobalSection(ExtensibilityGlobals) = postSolution
		SolutionGuid = {6E6071CA-FA9C-4875-BB15-C15868AD175A}
	EndGlobalSection
EndGlobal
